
Microsoft Visual Studio Solution File, Format Version 12.00
# Visual Studio Version 16
VisualStudioVersion = 16.0.30406.217
MinimumVisualStudioVersion = 10.0.40219.1
Project("{2150E333-8FDC-42A3-9474-1A3956D46DE8}") = "src", "src", "{4FAE1C22-9B20-4F77-A02F-6FEFE4889CEA}"
	ProjectSection(SolutionItems) = preProject
		src\Directory.Build.props = src\Directory.Build.props
	EndProjectSection
EndProject
Project("{2150E333-8FDC-42A3-9474-1A3956D46DE8}") = "test", "test", "{D4CB6555-0A3F-4074-A9B4-323A0413A9B2}"
	ProjectSection(SolutionItems) = preProject
		test\Directory.Build.props = test\Directory.Build.props
	EndProjectSection
EndProject
Project("{2150E333-8FDC-42A3-9474-1A3956D46DE8}") = "global", "global", "{4B675484-482E-4BC6-864D-656EACA6E6F1}"
	ProjectSection(SolutionItems) = preProject
		.editorconfig = .editorconfig
		.gitattributes = .gitattributes
		.gitignore = .gitignore
		Directory.Build.props = Directory.Build.props
		Directory.Build.targets = Directory.Build.targets
		global.json = global.json
		README.md = README.md
		version.props = version.props
	EndProjectSection
EndProject
Project("{2150E333-8FDC-42A3-9474-1A3956D46DE8}") = "samples", "samples", "{06AED930-32C6-4FF8-A631-A9C55BB7112D}"
EndProject
Project("{9A19103F-16F7-4668-BE54-9A1E7A4F7556}") = "MR.EntityFrameworkCore.KeysetPagination", "src\MR.EntityFrameworkCore.KeysetPagination\MR.EntityFrameworkCore.KeysetPagination.csproj", "{0AAE1A78-470B-4561-923B-CFEB4C985F56}"
EndProject
Project("{9A19103F-16F7-4668-BE54-9A1E7A4F7556}") = "MR.EntityFrameworkCore.KeysetPagination.Tests", "test\MR.EntityFrameworkCore.KeysetPagination.Tests\MR.EntityFrameworkCore.KeysetPagination.Tests.csproj", "{97C8C85C-B373-4E11-9590-62C396E65619}"
EndProject
Project("{FAE04EC0-301F-11D3-BF4B-00C04F79EFBC}") = "Basic", "samples\Basic\Basic.csproj", "{BCF93912-D61A-4538-AB0B-D262ECC51EBB}"
EndProject
Global
	GlobalSection(SolutionConfigurationPlatforms) = preSolution
		Debug|Any CPU = Debug|Any CPU
		Release|Any CPU = Release|Any CPU
	EndGlobalSection
	GlobalSection(ProjectConfigurationPlatforms) = postSolution
		{0AAE1A78-470B-4561-923B-CFEB4C985F56}.Debug|Any CPU.ActiveCfg = Debug|Any CPU
		{0AAE1A78-470B-4561-923B-CFEB4C985F56}.Debug|Any CPU.Build.0 = Debug|Any CPU
		{0AAE1A78-470B-4561-923B-CFEB4C985F56}.Release|Any CPU.ActiveCfg = Release|Any CPU
		{0AAE1A78-470B-4561-923B-CFEB4C985F56}.Release|Any CPU.Build.0 = Release|Any CPU
		{97C8C85C-B373-4E11-9590-62C396E65619}.Debug|Any CPU.ActiveCfg = Debug|Any CPU
		{97C8C85C-B373-4E11-9590-62C396E65619}.Debug|Any CPU.Build.0 = Debug|Any CPU
		{97C8C85C-B373-4E11-9590-62C396E65619}.Release|Any CPU.ActiveCfg = Release|Any CPU
		{97C8C85C-B373-4E11-9590-62C396E65619}.Release|Any CPU.Build.0 = Release|Any CPU
		{BCF93912-D61A-4538-AB0B-D262ECC51EBB}.Debug|Any CPU.ActiveCfg = Debug|Any CPU
		{BCF93912-D61A-4538-AB0B-D262ECC51EBB}.Debug|Any CPU.Build.0 = Debug|Any CPU
		{BCF93912-D61A-4538-AB0B-D262ECC51EBB}.Release|Any CPU.ActiveCfg = Release|Any CPU
		{BCF93912-D61A-4538-AB0B-D262ECC51EBB}.Release|Any CPU.Build.0 = Release|Any CPU
	EndGlobalSection
	GlobalSection(SolutionProperties) = preSolution
		HideSolutionNode = FALSE
	EndGlobalSection
	GlobalSection(NestedProjects) = preSolution
		{0AAE1A78-470B-4561-923B-CFEB4C985F56} = {4FAE1C22-9B20-4F77-A02F-6FEFE4889CEA}
		{97C8C85C-B373-4E11-9590-62C396E65619} = {D4CB6555-0A3F-4074-A9B4-323A0413A9B2}
		{BCF93912-D61A-4538-AB0B-D262ECC51EBB} = {06AED930-32C6-4FF8-A631-A9C55BB7112D}
	EndGlobalSection
	GlobalSection(ExtensibilityGlobals) = postSolution
		SolutionGuid = {867564D9-A392-43BD-8584-FB47E6D48378}
	EndGlobalSection
EndGlobal
